
Microsoft Visual Studio Solution File, Format Version 12.00
# Visual Studio 15
VisualStudioVersion = 15.0.28010.2036
MinimumVisualStudioVersion = 10.0.40219.1
Project("{FAE04EC0-301F-11D3-BF4B-00C04F79EFBC}") = "GistManager", "GistManager\GistManager.csproj", "{2B40ED7B-9C5A-4322-A33E-CA070279082D}"
EndProject
Global
	GlobalSection(SolutionConfigurationPlatforms) = preSolution
		Debug|Any CPU = Debug|Any CPU
		Release|Any CPU = Release|Any CPU
	EndGlobalSection
	GlobalSection(ProjectConfigurationPlatforms) = postSolution
		{2B40ED7B-9C5A-4322-A33E-CA070279082D}.Debug|Any CPU.ActiveCfg = Debug|Any CPU
		{2B40ED7B-9C5A-4322-A33E-CA070279082D}.Debug|Any CPU.Build.0 = Debug|Any CPU
		{2B40ED7B-9C5A-4322-A33E-CA070279082D}.Release|Any CPU.ActiveCfg = Release|Any CPU
		{2B40ED7B-9C5A-4322-A33E-CA070279082D}.Release|Any CPU.Build.0 = Release|Any CPU
	EndGlobalSection
	GlobalSection(SolutionProperties) = preSolution
		HideSolutionNode = FALSE
	EndGlobalSection
	GlobalSection(ExtensibilityGlobals) = postSolution
		SolutionGuid = {BA0A6FDE-FD53-4741-9F89-0877F986271E}
	EndGlobalSection
EndGlobal
